
Microsoft Visual Studio Solution File, Format Version 12.00
# Visual Studio 15
VisualStudioVersion = 15.0.28307.168
MinimumVisualStudioVersion = 10.0.40219.1
Project("{9A19103F-16F7-4668-BE54-9A1E7A4F7556}") = "Assignment1", "ConsoleApp1\Assignment1.csproj", "{A016A26E-9788-402C-8E57-39162E1942A1}"
EndProject
Global
	GlobalSection(SolutionConfigurationPlatforms) = preSolution
		Debug|Any CPU = Debug|Any CPU
		Release|Any CPU = Release|Any CPU
	EndGlobalSection
	GlobalSection(ProjectConfigurationPlatforms) = postSolution
		{A016A26E-9788-402C-8E57-39162E1942A1}.Debug|Any CPU.ActiveCfg = Debug|Any CPU
		{A016A26E-9788-402C-8E57-39162E1942A1}.Debug|Any CPU.Build.0 = Debug|Any CPU
		{A016A26E-9788-402C-8E57-39162E1942A1}.Release|Any CPU.ActiveCfg = Release|Any CPU
		{A016A26E-9788-402C-8E57-39162E1942A1}.Release|Any CPU.Build.0 = Release|Any CPU
	EndGlobalSection
	GlobalSection(SolutionProperties) = preSolution
		HideSolutionNode = FALSE
	EndGlobalSection
	GlobalSection(ExtensibilityGlobals) = postSolution
		SolutionGuid = {C43426DF-A011-412A-806A-CC212348B4FB}
	EndGlobalSection
EndGlobal
